
Microsoft Visual Studio Solution File, Format Version 12.00
# Visual Studio Version 17
VisualStudioVersion = 17.0.31903.59
MinimumVisualStudioVersion = 10.0.40219.1
Project("{2150E333-8FDC-42A3-9474-1A3956D46DE8}") = "persistence_pg", "persistence_pg", "{5E451076-9165-BFBE-8497-99D909CF83F9}"
EndProject
Project("{2150E333-8FDC-42A3-9474-1A3956D46DE8}") = "Core", "Core", "{43A06FFA-0539-D698-E2A3-36CC10CCFF4A}"
EndProject
Project("{FAE04EC0-301F-11D3-BF4B-00C04F79EFBC}") = "Bcan.Persistence.Pg.Core", "persistence_pg\Core\Bcan.Persistence.Pg.Core.csproj", "{98251BF3-C136-48E9-9CE0-DB0905FF1237}"
EndProject
Project("{2150E333-8FDC-42A3-9474-1A3956D46DE8}") = "SqliteNet", "SqliteNet", "{706A0026-ED7C-2506-8EDF-64F4B76D013F}"
EndProject
Project("{FAE04EC0-301F-11D3-BF4B-00C04F79EFBC}") = "Bcan.Persistence.Pg.SqliteNet", "persistence_pg\SqliteNet\Bcan.Persistence.Pg.SqliteNet.csproj", "{885BD184-FB11-4573-ADE1-F5795F28ABEB}"
EndProject
Project("{2150E333-8FDC-42A3-9474-1A3956D46DE8}") = "Dapper", "Dapper", "{08966707-37D3-81FD-D678-9897348FA6BB}"
EndProject
Project("{FAE04EC0-301F-11D3-BF4B-00C04F79EFBC}") = "Bcan.Persistence.Pg.Dapper", "persistence_pg\Dapper\Bcan.Persistence.Pg.Dapper.csproj", "{61E8BFCB-B779-4F8D-9053-8D340A7ACC49}"
EndProject
Project("{2150E333-8FDC-42A3-9474-1A3956D46DE8}") = "LiteDb", "LiteDb", "{50116274-AE69-ADA7-9FCC-5DE8E16E86DD}"
EndProject
Project("{FAE04EC0-301F-11D3-BF4B-00C04F79EFBC}") = "Bcan.Persistence.Pg.LiteDb", "persistence_pg\LiteDb\Bcan.Persistence.Pg.LiteDb.csproj", "{738423D4-29FF-4C84-9B28-B529EF36DC29}"
EndProject
Project("{2150E333-8FDC-42A3-9474-1A3956D46DE8}") = "Console", "Console", "{7AB895E9-BC6E-DEC8-3FC7-381B5424E091}"
EndProject
Project("{FAE04EC0-301F-11D3-BF4B-00C04F79EFBC}") = "Bcan.Persistence.Pg.Console", "persistence_pg\Console\Bcan.Persistence.Pg.Console.csproj", "{A9A779F5-7EDC-4481-92C2-D8A2CE76BFEF}"
EndProject
Global
	GlobalSection(SolutionConfigurationPlatforms) = preSolution
		Debug|Any CPU = Debug|Any CPU
		Debug|x64 = Debug|x64
		Debug|x86 = Debug|x86
		Release|Any CPU = Release|Any CPU
		Release|x64 = Release|x64
		Release|x86 = Release|x86
	EndGlobalSection
	GlobalSection(ProjectConfigurationPlatforms) = postSolution
		{98251BF3-C136-48E9-9CE0-DB0905FF1237}.Debug|Any CPU.ActiveCfg = Debug|Any CPU
		{98251BF3-C136-48E9-9CE0-DB0905FF1237}.Debug|Any CPU.Build.0 = Debug|Any CPU
		{98251BF3-C136-48E9-9CE0-DB0905FF1237}.Debug|x64.ActiveCfg = Debug|Any CPU
		{98251BF3-C136-48E9-9CE0-DB0905FF1237}.Debug|x64.Build.0 = Debug|Any CPU
		{98251BF3-C136-48E9-9CE0-DB0905FF1237}.Debug|x86.ActiveCfg = Debug|Any CPU
		{98251BF3-C136-48E9-9CE0-DB0905FF1237}.Debug|x86.Build.0 = Debug|Any CPU
		{98251BF3-C136-48E9-9CE0-DB0905FF1237}.Release|Any CPU.ActiveCfg = Release|Any CPU
		{98251BF3-C136-48E9-9CE0-DB0905FF1237}.Release|Any CPU.Build.0 = Release|Any CPU
		{98251BF3-C136-48E9-9CE0-DB0905FF1237}.Release|x64.ActiveCfg = Release|Any CPU
		{98251BF3-C136-48E9-9CE0-DB0905FF1237}.Release|x64.Build.0 = Release|Any CPU
		{98251BF3-C136-48E9-9CE0-DB0905FF1237}.Release|x86.ActiveCfg = Release|Any CPU
		{98251BF3-C136-48E9-9CE0-DB0905FF1237}.Release|x86.Build.0 = Release|Any CPU
		{885BD184-FB11-4573-ADE1-F5795F28ABEB}.Debug|Any CPU.ActiveCfg = Debug|Any CPU
		{885BD184-FB11-4573-ADE1-F5795F28ABEB}.Debug|Any CPU.Build.0 = Debug|Any CPU
		{885BD184-FB11-4573-ADE1-F5795F28ABEB}.Debug|x64.ActiveCfg = Debug|Any CPU
		{885BD184-FB11-4573-ADE1-F5795F28ABEB}.Debug|x64.Build.0 = Debug|Any CPU
		{885BD184-FB11-4573-ADE1-F5795F28ABEB}.Debug|x86.ActiveCfg = Debug|Any CPU
		{885BD184-FB11-4573-ADE1-F5795F28ABEB}.Debug|x86.Build.0 = Debug|Any CPU
		{885BD184-FB11-4573-ADE1-F5795F28ABEB}.Release|Any CPU.ActiveCfg = Release|Any CPU
		{885BD184-FB11-4573-ADE1-F5795F28ABEB}.Release|Any CPU.Build.0 = Release|Any CPU
		{885BD184-FB11-4573-ADE1-F5795F28ABEB}.Release|x64.ActiveCfg = Release|Any CPU
		{885BD184-FB11-4573-ADE1-F5795F28ABEB}.Release|x64.Build.0 = Release|Any CPU
		{885BD184-FB11-4573-ADE1-F5795F28ABEB}.Release|x86.ActiveCfg = Release|Any CPU
		{885BD184-FB11-4573-ADE1-F5795F28ABEB}.Release|x86.Build.0 = Release|Any CPU
		{61E8BFCB-B779-4F8D-9053-8D340A7ACC49}.Debug|Any CPU.ActiveCfg = Debug|Any CPU
		{61E8BFCB-B779-4F8D-9053-8D340A7ACC49}.Debug|Any CPU.Build.0 = Debug|Any CPU
		{61E8BFCB-B779-4F8D-9053-8D340A7ACC49}.Debug|x64.ActiveCfg = Debug|Any CPU
		{61E8BFCB-B779-4F8D-9053-8D340A7ACC49}.Debug|x64.Build.0 = Debug|Any CPU
		{61E8BFCB-B779-4F8D-9053-8D340A7ACC49}.Debug|x86.ActiveCfg = Debug|Any CPU
		{61E8BFCB-B779-4F8D-9053-8D340A7ACC49}.Debug|x86.Build.0 = Debug|Any CPU
		{61E8BFCB-B779-4F8D-9053-8D340A7ACC49}.Release|Any CPU.ActiveCfg = Release|Any CPU
		{61E8BFCB-B779-4F8D-9053-8D340A7ACC49}.Release|Any CPU.Build.0 = Release|Any CPU
		{61E8BFCB-B779-4F8D-9053-8D340A7ACC49}.Release|x64.ActiveCfg = Release|Any CPU
		{61E8BFCB-B779-4F8D-9053-8D340A7ACC49}.Release|x64.Build.0 = Release|Any CPU
		{61E8BFCB-B779-4F8D-9053-8D340A7ACC49}.Release|x86.ActiveCfg = Release|Any CPU
		{61E8BFCB-B779-4F8D-9053-8D340A7ACC49}.Release|x86.Build.0 = Release|Any CPU
		{738423D4-29FF-4C84-9B28-B529EF36DC29}.Debug|Any CPU.ActiveCfg = Debug|Any CPU
		{738423D4-29FF-4C84-9B28-B529EF36DC29}.Debug|Any CPU.Build.0 = Debug|Any CPU
		{738423D4-29FF-4C84-9B28-B529EF36DC29}.Debug|x64.ActiveCfg = Debug|Any CPU
		{738423D4-29FF-4C84-9B28-B529EF36DC29}.Debug|x64.Build.0 = Debug|Any CPU
		{738423D4-29FF-4C84-9B28-B529EF36DC29}.Debug|x86.ActiveCfg = Debug|Any CPU
		{738423D4-29FF-4C84-9B28-B529EF36DC29}.Debug|x86.Build.0 = Debug|Any CPU
		{738423D4-29FF-4C84-9B28-B529EF36DC29}.Release|Any CPU.ActiveCfg = Release|Any CPU
		{738423D4-29FF-4C84-9B28-B529EF36DC29}.Release|Any CPU.Build.0 = Release|Any CPU
		{738423D4-29FF-4C84-9B28-B529EF36DC29}.Release|x64.ActiveCfg = Release|Any CPU
		{738423D4-29FF-4C84-9B28-B529EF36DC29}.Release|x64.Build.0 = Release|Any CPU
		{738423D4-29FF-4C84-9B28-B529EF36DC29}.Release|x86.ActiveCfg = Release|Any CPU
		{738423D4-29FF-4C84-9B28-B529EF36DC29}.Release|x86.Build.0 = Release|Any CPU
		{A9A779F5-7EDC-4481-92C2-D8A2CE76BFEF}.Debug|Any CPU.ActiveCfg = Debug|Any CPU
		{A9A779F5-7EDC-4481-92C2-D8A2CE76BFEF}.Debug|Any CPU.Build.0 = Debug|Any CPU
		{A9A779F5-7EDC-4481-92C2-D8A2CE76BFEF}.Debug|x64.ActiveCfg = Debug|Any CPU
		{A9A779F5-7EDC-4481-92C2-D8A2CE76BFEF}.Debug|x64.Build.0 = Debug|Any CPU
		{A9A779F5-7EDC-4481-92C2-D8A2CE76BFEF}.Debug|x86.ActiveCfg = Debug|Any CPU
		{A9A779F5-7EDC-4481-92C2-D8A2CE76BFEF}.Debug|x86.Build.0 = Debug|Any CPU
		{A9A779F5-7EDC-4481-92C2-D8A2CE76BFEF}.Release|Any CPU.ActiveCfg = Release|Any CPU
		{A9A779F5-7EDC-4481-92C2-D8A2CE76BFEF}.Release|Any CPU.Build.0 = Release|Any CPU
		{A9A779F5-7EDC-4481-92C2-D8A2CE76BFEF}.Release|x64.ActiveCfg = Release|Any CPU
		{A9A779F5-7EDC-4481-92C2-D8A2CE76BFEF}.Release|x64.Build.0 = Release|Any CPU
		{A9A779F5-7EDC-4481-92C2-D8A2CE76BFEF}.Release|x86.ActiveCfg = Release|Any CPU
		{A9A779F5-7EDC-4481-92C2-D8A2CE76BFEF}.Release|x86.Build.0 = Release|Any CPU
	EndGlobalSection
	GlobalSection(SolutionProperties) = preSolution
		HideSolutionNode = FALSE
	EndGlobalSection
	GlobalSection(NestedProjects) = preSolution
		{43A06FFA-0539-D698-E2A3-36CC10CCFF4A} = {5E451076-9165-BFBE-8497-99D909CF83F9}
		{98251BF3-C136-48E9-9CE0-DB0905FF1237} = {43A06FFA-0539-D698-E2A3-36CC10CCFF4A}
		{706A0026-ED7C-2506-8EDF-64F4B76D013F} = {5E451076-9165-BFBE-8497-99D909CF83F9}
		{885BD184-FB11-4573-ADE1-F5795F28ABEB} = {706A0026-ED7C-2506-8EDF-64F4B76D013F}
		{08966707-37D3-81FD-D678-9897348FA6BB} = {5E451076-9165-BFBE-8497-99D909CF83F9}
		{61E8BFCB-B779-4F8D-9053-8D340A7ACC49} = {08966707-37D3-81FD-D678-9897348FA6BB}
		{50116274-AE69-ADA7-9FCC-5DE8E16E86DD} = {5E451076-9165-BFBE-8497-99D909CF83F9}
		{738423D4-29FF-4C84-9B28-B529EF36DC29} = {50116274-AE69-ADA7-9FCC-5DE8E16E86DD}
		{7AB895E9-BC6E-DEC8-3FC7-381B5424E091} = {5E451076-9165-BFBE-8497-99D909CF83F9}
		{A9A779F5-7EDC-4481-92C2-D8A2CE76BFEF} = {7AB895E9-BC6E-DEC8-3FC7-381B5424E091}
	EndGlobalSection
EndGlobal
